// !$*UTF8*$!
{
	archiveVersion = 1;
	classes = {
	};
	objectVersion = 50;
	objects = {

/* Begin PBXBuildFile section */
		005B96DA240C3E8700254DFE /* AppDelegate.swift in Sources */ = {isa = PBXBuildFile; fileRef = 005B96D9240C3E8700254DFE /* AppDelegate.swift */; };
		005B96DC240C3E8700254DFE /* SceneDelegate.swift in Sources */ = {isa = PBXBuildFile; fileRef = 005B96DB240C3E8700254DFE /* SceneDelegate.swift */; };
		005B96E1240C3E8700254DFE /* Main.storyboard in Resources */ = {isa = PBXBuildFile; fileRef = 005B96DF240C3E8700254DFE /* Main.storyboard */; };
		005B96E3240C3E8900254DFE /* Assets.xcassets in Resources */ = {isa = PBXBuildFile; fileRef = 005B96E2240C3E8900254DFE /* Assets.xcassets */; };
		005B96E6240C3E8900254DFE /* LaunchScreen.storyboard in Resources */ = {isa = PBXBuildFile; fileRef = 005B96E4240C3E8900254DFE /* LaunchScreen.storyboard */; };
		005B96EE240C3F5700254DFE /* CollectionViewController.swift in Sources */ = {isa = PBXBuildFile; fileRef = 005B96ED240C3F5700254DFE /* CollectionViewController.swift */; };
		005B96F0240C45DB00254DFE /* CollectionViewCell.swift in Sources */ = {isa = PBXBuildFile; fileRef = 005B96EF240C45DB00254DFE /* CollectionViewCell.swift */; };
		005B96F2240C4B3900254DFE /* DetailViewController.swift in Sources */ = {isa = PBXBuildFile; fileRef = 005B96F1240C4B3900254DFE /* DetailViewController.swift */; };
		005B96F6240C4D5600254DFE /* HeaderView.swift in Sources */ = {isa = PBXBuildFile; fileRef = 005B96F5240C4D5600254DFE /* HeaderView.swift */; };
		005B96FA240C5A6800254DFE /* FooterView.swift in Sources */ = {isa = PBXBuildFile; fileRef = 005B96F9240C5A6800254DFE /* FooterView.swift */; };
/* End PBXBuildFile section */

/* Begin PBXFileReference section */
		005B96D6240C3E8700254DFE /* Lab3.app */ = {isa = PBXFileReference; explicitFileType = wrapper.application; includeInIndex = 0; path = Lab3.app; sourceTree = BUILT_PRODUCTS_DIR; };
		005B96D9240C3E8700254DFE /* AppDelegate.swift */ = {isa = PBXFileReference; lastKnownFileType = sourcecode.swift; path = AppDelegate.swift; sourceTree = "<group>"; };
		005B96DB240C3E8700254DFE /* SceneDelegate.swift */ = {isa = PBXFileReference; lastKnownFileType = sourcecode.swift; path = SceneDelegate.swift; sourceTree = "<group>"; };
		005B96E0240C3E8700254DFE /* Base */ = {isa = PBXFileReference; lastKnownFileType = file.storyboard; name = Base; path = Base.lproj/Main.storyboard; sourceTree = "<group>"; };
		005B96E2240C3E8900254DFE /* Assets.xcassets */ = {isa = PBXFileReference; lastKnownFileType = folder.assetcatalog; path = Assets.xcassets; sourceTree = "<group>"; };
		005B96E5240C3E8900254DFE /* Base */ = {isa = PBXFileReference; lastKnownFileType = file.storyboard; name = Base; path = Base.lproj/LaunchScreen.storyboard; sourceTree = "<group>"; };
		005B96E7240C3E8900254DFE /* Info.plist */ = {isa = PBXFileReference; lastKnownFileType = text.plist.xml; path = Info.plist; sourceTree = "<group>"; };
		005B96ED240C3F5700254DFE /* CollectionViewController.swift */ = {isa = PBXFileReference; lastKnownFileType = sourcecode.swift; path = CollectionViewController.swift; sourceTree = "<group>"; };
		005B96EF240C45DB00254DFE /* CollectionViewCell.swift */ = {isa = PBXFileReference; lastKnownFileType = sourcecode.swift; path = CollectionViewCell.swift; sourceTree = "<group>"; };
		005B96F1240C4B3900254DFE /* DetailViewController.swift */ = {isa = PBXFileReference; lastKnownFileType = sourcecode.swift; path = DetailViewController.swift; sourceTree = "<group>"; };
		005B96F5240C4D5600254DFE /* HeaderView.swift */ = {isa = PBXFileReference; lastKnownFileType = sourcecode.swift; path = HeaderView.swift; sourceTree = "<group>"; };
		005B96F9240C5A6800254DFE /* FooterView.swift */ = {isa = PBXFileReference; lastKnownFileType = sourcecode.swift; path = FooterView.swift; sourceTree = "<group>"; };
/* End PBXFileReference section */

/* Begin PBXFrameworksBuildPhase section */
		005B96D3240C3E8700254DFE /* Frameworks */ = {
			isa = PBXFrameworksBuildPhase;
			buildActionMask = 2147483647;
			files = (
			);
			runOnlyForDeploymentPostprocessing = 0;
		};
/* End PBXFrameworksBuildPhase section */

/* Begin PBXGroup section */
		005B96CD240C3E8700254DFE = {
			isa = PBXGroup;
			children = (
				005B96D8240C3E8700254DFE /* Lab3 */,
				005B96D7240C3E8700254DFE /* Products */,
			);
			sourceTree = "<group>";
		};
		005B96D7240C3E8700254DFE /* Products */ = {
			isa = PBXGroup;
			children = (
				005B96D6240C3E8700254DFE /* Lab3.app */,
			);
			name = Products;
			sourceTree = "<group>";
		};
		005B96D8240C3E8700254DFE /* Lab3 */ = {
			isa = PBXGroup;
			children = (
				005B96D9240C3E8700254DFE /* AppDelegate.swift */,
				005B96DB240C3E8700254DFE /* SceneDelegate.swift */,
				005B96DF240C3E8700254DFE /* Main.storyboard */,
				005B96F1240C4B3900254DFE /* DetailViewController.swift */,
				005B96ED240C3F5700254DFE /* CollectionViewController.swift */,
				005B96EF240C45DB00254DFE /* CollectionViewCell.swift */,
				005B96F5240C4D5600254DFE /* HeaderView.swift */,
				005B96F9240C5A6800254DFE /* FooterView.swift */,
				005B96E2240C3E8900254DFE /* Assets.xcassets */,
				005B96E4240C3E8900254DFE /* LaunchScreen.storyboard */,
				005B96E7240C3E8900254DFE /* Info.plist */,
			);
			path = Lab3;
			sourceTree = "<group>";
		};
/* End PBXGroup section */

/* Begin PBXNativeTarget section */
		005B96D5240C3E8700254DFE /* Lab3 */ = {
			isa = PBXNativeTarget;
			buildConfigurationList = 005B96EA240C3E8900254DFE /* Build configuration list for PBXNativeTarget "Lab3" */;
			buildPhases = (
				005B96D2240C3E8700254DFE /* Sources */,
				005B96D3240C3E8700254DFE /* Frameworks */,
				005B96D4240C3E8700254DFE /* Resources */,
			);
			buildRules = (
			);
			dependencies = (
			);
			name = Lab3;
			productName = Lab3;
			productReference = 005B96D6240C3E8700254DFE /* Lab3.app */;
			productType = "com.apple.product-type.application";
		};
/* End PBXNativeTarget section */

/* Begin PBXProject section */
		005B96CE240C3E8700254DFE /* Project object */ = {
			isa = PBXProject;
			attributes = {
				LastSwiftUpdateCheck = 1120;
				LastUpgradeCheck = 1120;
				ORGANIZATIONNAME = "Jack Marty";
				TargetAttributes = {
					005B96D5240C3E8700254DFE = {
						CreatedOnToolsVersion = 11.2.1;
					};
				};
			};
			buildConfigurationList = 005B96D1240C3E8700254DFE /* Build configuration list for PBXProject "Lab3" */;
			compatibilityVersion = "Xcode 9.3";
			developmentRegion = en;
			hasScannedForEncodings = 0;
			knownRegions = (
				en,
				Base,
			);
			mainGroup = 005B96CD240C3E8700254DFE;
			productRefGroup = 005B96D7240C3E8700254DFE /* Products */;
			projectDirPath = "";
			projectRoot = "";
			targets = (
				005B96D5240C3E8700254DFE /* Lab3 */,
			);
		};
/* End PBXProject section */

/* Begin PBXResourcesBuildPhase section */
		005B96D4240C3E8700254DFE /* Resources */ = {
			isa = PBXResourcesBuildPhase;
			buildActionMask = 2147483647;
			files = (
				005B96E6240C3E8900254DFE /* LaunchScreen.storyboard in Resources */,
				005B96E3240C3E8900254DFE /* Assets.xcassets in Resources */,
				005B96E1240C3E8700254DFE /* Main.storyboard in Resources */,
			);
			runOnlyForDeploymentPostprocessing = 0;
		};
/* End PBXResourcesBuildPhase section */

/* Begin PBXSourcesBuildPhase section */
		005B96D2240C3E8700254DFE /* Sources */ = {
			isa = PBXSourcesBuildPhase;
			buildActionMask = 2147483647;
			files = (
				005B96EE240C3F5700254DFE /* CollectionViewController.swift in Sources */,
				005B96FA240C5A6800254DFE /* FooterView.swift in Sources */,
				005B96F6240C4D5600254DFE /* HeaderView.swift in Sources */,
				005B96DA240C3E8700254DFE /* AppDelegate.swift in Sources */,
				005B96F2240C4B3900254DFE /* DetailViewController.swift in Sources */,
				005B96F0240C45DB00254DFE /* CollectionViewCell.swift in Sources */,
				005B96DC240C3E8700254DFE /* SceneDelegate.swift in Sources */,
			);
			runOnlyForDeploymentPostprocessing = 0;
		};
/* End PBXSourcesBuildPhase section */

/* Begin PBXVariantGroup section */
		005B96DF240C3E8700254DFE /* Main.storyboard */ = {
			isa = PBXVariantGroup;
			children = (
				005B96E0240C3E8700254DFE /* Base */,
			);
			name = Main.storyboard;
			sourceTree = "<group>";
		};
		005B96E4240C3E8900254DFE /* LaunchScreen.storyboard */ = {
			isa = PBXVariantGroup;
			children = (
				005B96E5240C3E8900254DFE /* Base */,
			);
			name = LaunchScreen.storyboard;
			sourceTree = "<group>";
		};
/* End PBXVariantGroup section */

/* Begin XCBuildConfiguration section */
		005B96E8240C3E8900254DFE /* Debug */ = {
			isa = XCBuildConfiguration;
			buildSettings = {
				ALWAYS_SEARCH_USER_PATHS = NO;
				CLANG_ANALYZER_NONNULL = YES;
				CLANG_ANALYZER_NUMBER_OBJECT_CONVERSION = YES_AGGRESSIVE;
				CLANG_CXX_LANGUAGE_STANDARD = "gnu++14";
				CLANG_CXX_LIBRARY = "libc++";
				CLANG_ENABLE_MODULES = YES;
				CLANG_ENABLE_OBJC_ARC = YES;
				CLANG_ENABLE_OBJC_WEAK = YES;
				CLANG_WARN_BLOCK_CAPTURE_AUTORELEASING = YES;
				CLANG_WARN_BOOL_CONVERSION = YES;
				CLANG_WARN_COMMA = YES;
				CLANG_WARN_CONSTANT_CONVERSION = YES;
				CLANG_WARN_DEPRECATED_OBJC_IMPLEMENTATIONS = YES;
				CLANG_WARN_DIRECT_OBJC_ISA_USAGE = YES_ERROR;
				CLANG_WARN_DOCUMENTATION_COMMENTS = YES;
				CLANG_WARN_EMPTY_BODY = YES;
				CLANG_WARN_ENUM_CONVERSION = YES;
				CLANG_WARN_INFINITE_RECURSION = YES;
				CLANG_WARN_INT_CONVERSION = YES;
				CLANG_WARN_NON_LITERAL_NULL_CONVERSION = YES;
				CLANG_WARN_OBJC_IMPLICIT_RETAIN_SELF = YES;
				CLANG_WARN_OBJC_LITERAL_CONVERSION = YES;
				CLANG_WARN_OBJC_ROOT_CLASS = YES_ERROR;
				CLANG_WARN_RANGE_LOOP_ANALYSIS = YES;
				CLANG_WARN_STRICT_PROTOTYPES = YES;
				CLANG_WARN_SUSPICIOUS_MOVE = YES;
				CLANG_WARN_UNGUARDED_AVAILABILITY = YES_AGGRESSIVE;
				CLANG_WARN_UNREACHABLE_CODE = YES;
				CLANG_WARN__DUPLICATE_METHOD_MATCH = YES;
				COPY_PHASE_STRIP = NO;
				DEBUG_INFORMATION_FORMAT = dwarf;
				ENABLE_STRICT_OBJC_MSGSEND = YES;
				ENABLE_TESTABILITY = YES;
				GCC_C_LANGUAGE_STANDARD = gnu11;
				GCC_DYNAMIC_NO_PIC = NO;
				GCC_NO_COMMON_BLOCKS = YES;
				GCC_OPTIMIZATION_LEVEL = 0;
				GCC_PREPROCESSOR_DEFINITIONS = (
					"DEBUG=1",
					"$(inherited)",
				);
				GCC_WARN_64_TO_32_BIT_CONVERSION = YES;
				GCC_WARN_ABOUT_RETURN_TYPE = YES_ERROR;
				GCC_WARN_UNDECLARED_SELECTOR = YES;
				GCC_WARN_UNINITIALIZED_AUTOS = YES_AGGRESSIVE;
				GCC_WARN_UNUSED_FUNCTION = YES;
				GCC_WARN_UNUSED_VARIABLE = YES;
				IPHONEOS_DEPLOYMENT_TARGET = 13.2;
				MTL_ENABLE_DEBUG_INFO = INCLUDE_SOURCE;
				MTL_FAST_MATH = YES;
				ONLY_ACTIVE_ARCH = YES;
				SDKROOT = iphoneos;
				SWIFT_ACTIVE_COMPILATION_CONDITIONS = DEBUG;
				SWIFT_OPTIMIZATION_LEVEL = "-Onone";
			};
			name = Debug;
		};
		005B96E9240C3E8900254DFE /* Release */ = {
			isa = XCBuildConfiguration;
			buildSettings = {
				ALWAYS_SEARCH_USER_PATHS = NO;
				CLANG_ANALYZER_NONNULL = YES;
				CLANG_ANALYZER_NUMBER_OBJECT_CONVERSION = YES_AGGRESSIVE;
				CLANG_CXX_LANGUAGE_STANDARD = "gnu++14";
				CLANG_CXX_LIBRARY = "libc++";
				CLANG_ENABLE_MODULES = YES;
				CLANG_ENABLE_OBJC_ARC = YES;
				CLANG_ENABLE_OBJC_WEAK = YES;
				CLANG_WARN_BLOCK_CAPTURE_AUTORELEASING = YES;
				CLANG_WARN_BOOL_CONVERSION = YES;
				CLANG_WARN_COMMA = YES;
				CLANG_WARN_CONSTANT_CONVERSION = YES;
				CLANG_WARN_DEPRECATED_OBJC_IMPLEMENTATIONS = YES;
				CLANG_WARN_DIRECT_OBJC_ISA_USAGE = YES_ERROR;
				CLANG_WARN_DOCUMENTATION_COMMENTS = YES;
				CLANG_WARN_EMPTY_BODY = YES;
				CLANG_WARN_ENUM_CONVERSION = YES;
				CLANG_WARN_INFINITE_RECURSION = YES;
				CLANG_WARN_INT_CONVERSION = YES;
				CLANG_WARN_NON_LITERAL_NULL_CONVERSION = YES;
				CLANG_WARN_OBJC_IMPLICIT_RETAIN_SELF = YES;
				CLANG_WARN_OBJC_LITERAL_CONVERSION = YES;
				CLANG_WARN_OBJC_ROOT_CLASS = YES_ERROR;
				CLANG_WARN_RANGE_LOOP_ANALYSIS = YES;
				CLANG_WARN_STRICT_PROTOTYPES = YES;
				CLANG_WARN_SUSPICIOUS_MOVE = YES;
				CLANG_WARN_UNGUARDED_AVAILABILITY = YES_AGGRESSIVE;
				CLANG_WARN_UNREACHABLE_CODE = YES;
				CLANG_WARN__DUPLICATE_METHOD_MATCH = YES;
				COPY_PHASE_STRIP = NO;
				DEBUG_INFORMATION_FORMAT = "dwarf-with-dsym";
				ENABLE_NS_ASSERTIONS = NO;
				ENABLE_STRICT_OBJC_MSGSEND = YES;
				GCC_C_LANGUAGE_STANDARD = gnu11;
				GCC_NO_COMMON_BLOCKS = YES;
				GCC_WARN_64_TO_32_BIT_CONVERSION = YES;
				GCC_WARN_ABOUT_RETURN_TYPE = YES_ERROR;
				GCC_WARN_UNDECLARED_SELECTOR = YES;
				GCC_WARN_UNINITIALIZED_AUTOS = YES_AGGRESSIVE;
				GCC_WARN_UNUSED_FUNCTION = YES;
				GCC_WARN_UNUSED_VARIABLE = YES;
				IPHONEOS_DEPLOYMENT_TARGET = 13.2;
				MTL_ENABLE_DEBUG_INFO = NO;
				MTL_FAST_MATH = YES;
				SDKROOT = iphoneos;
				SWIFT_COMPILATION_MODE = wholemodule;
				SWIFT_OPTIMIZATION_LEVEL = "-O";
				VALIDATE_PRODUCT = YES;
			};
			name = Release;
		};
		005B96EB240C3E8900254DFE /* Debug */ = {
			isa = XCBuildConfiguration;
			buildSettings = {
				ASSETCATALOG_COMPILER_APPICON_NAME = AppIcon;
				CODE_SIGN_STYLE = Automatic;
				INFOPLIST_FILE = Lab3/Info.plist;
				LD_RUNPATH_SEARCH_PATHS = (
					"$(inherited)",
					"@executable_path/Frameworks",
				);
				PRODUCT_BUNDLE_IDENTIFIER = atlas.Lab3;
				PRODUCT_NAME = "$(TARGET_NAME)";
				SWIFT_VERSION = 5.0;
				TARGETED_DEVICE_FAMILY = "1,2";
			};
			name = Debug;
		};
		005B96EC240C3E8900254DFE /* Release */ = {
			isa = XCBuildConfiguration;
			buildSettings = {
				ASSETCATALOG_COMPILER_APPICON_NAME = AppIcon;
				CODE_SIGN_STYLE = Automatic;
				INFOPLIST_FILE = Lab3/Info.plist;
				LD_RUNPATH_SEARCH_PATHS = (
					"$(inherited)",
					"@executable_path/Frameworks",
				);
				PRODUCT_BUNDLE_IDENTIFIER = atlas.Lab3;
				PRODUCT_NAME = "$(TARGET_NAME)";
				SWIFT_VERSION = 5.0;
				TARGETED_DEVICE_FAMILY = "1,2";
			};
			name = Release;
		};
/* End XCBuildConfiguration section */

/* Begin XCConfigurationList section */
		005B96D1240C3E8700254DFE /* Build configuration list for PBXProject "Lab3" */ = {
			isa = XCConfigurationList;
			buildConfigurations = (
				005B96E8240C3E8900254DFE /* Debug */,
				005B96E9240C3E8900254DFE /* Release */,
			);
			defaultConfigurationIsVisible = 0;
			defaultConfigurationName = Release;
		};
		005B96EA240C3E8900254DFE /* Build configuration list for PBXNativeTarget "Lab3" */ = {
			isa = XCConfigurationList;
			buildConfigurations = (
				005B96EB240C3E8900254DFE /* Debug */,
				005B96EC240C3E8900254DFE /* Release */,
			);
			defaultConfigurationIsVisible = 0;
			defaultConfigurationName = Release;
		};
/* End XCConfigurationList section */
	};
	rootObject = 005B96CE240C3E8700254DFE /* Project object */;
}
